# Fully resolved for Kaggle Linux x86_64, CPython 3.11.
# Regenerate deliberately; this file is part of the run fingerprint.
PyYAML==6.0.2
certifi==2026.7.22
charset-normalizer==3.4.9
filelock==3.32.2
fsspec==2026.7.0
hf-xet==1.6.0
huggingface-hub==0.36.2
idna==3.18
Jinja2==3.1.6
joblib==1.5.3
MarkupSafe==3.0.3
mpmath==1.3.0
networkx==3.6.1
numpy==2.0.2
packaging==26.3
regex==2026.7.19
requests==2.34.2
safetensors==0.8.0
scikit-learn==1.6.1
scipy==1.16.3
setuptools==84.0.0
sympy==1.13.1
threadpoolctl==3.6.0
tokenizers==0.21.4
torch==2.6.0
tqdm==4.70.0
transformers==4.48.3
typing_extensions==4.16.0
urllib3==2.7.0
